
Microsoft Visual Studio Solution File, Format Version 12.00
# Visual Studio Version 16
VisualStudioVersion = 16.0.30524.135
MinimumVisualStudioVersion = 10.0.40219.1
Project("{FAE04EC0-301F-11D3-BF4B-00C04F79EFBC}") = "MoneyExchangeAppForBrainence", "MoneyExchangeAppForBrainence.csproj", "{B6968CD9-AB97-465B-BD91-CAB2B5440A2C}"
EndProject
Global
	GlobalSection(SolutionConfigurationPlatforms) = preSolution
		Debug|Any CPU = Debug|Any CPU
		Release|Any CPU = Release|Any CPU
	EndGlobalSection
	GlobalSection(ProjectConfigurationPlatforms) = postSolution
		{B6968CD9-AB97-465B-BD91-CAB2B5440A2C}.Debug|Any CPU.ActiveCfg = Debug|Any CPU
		{B6968CD9-AB97-465B-BD91-CAB2B5440A2C}.Debug|Any CPU.Build.0 = Debug|Any CPU
		{B6968CD9-AB97-465B-BD91-CAB2B5440A2C}.Release|Any CPU.ActiveCfg = Release|Any CPU
		{B6968CD9-AB97-465B-BD91-CAB2B5440A2C}.Release|Any CPU.Build.0 = Release|Any CPU
	EndGlobalSection
	GlobalSection(SolutionProperties) = preSolution
		HideSolutionNode = FALSE
	EndGlobalSection
	GlobalSection(ExtensibilityGlobals) = postSolution
		SolutionGuid = {5C69B051-E075-4A1F-9C2C-95AA04D7119A}
	EndGlobalSection
EndGlobal
